
Microsoft Visual Studio Solution File, Format Version 11.00
# Visual Studio 2010
Project("{FAE04EC0-301F-11D3-BF4B-00C04F79EFBC}") = "BackboneDemos", "BackboneDemos\BackboneDemos.csproj", "{DC4A432E-4F0F-4870-8F70-498A8FC23D4B}"
EndProject
Global
	GlobalSection(SolutionConfigurationPlatforms) = preSolution
		Debug|Any CPU = Debug|Any CPU
		Release|Any CPU = Release|Any CPU
	EndGlobalSection
	GlobalSection(ProjectConfigurationPlatforms) = postSolution
		{DC4A432E-4F0F-4870-8F70-498A8FC23D4B}.Debug|Any CPU.ActiveCfg = Debug|Any CPU
		{DC4A432E-4F0F-4870-8F70-498A8FC23D4B}.Debug|Any CPU.Build.0 = Debug|Any CPU
		{DC4A432E-4F0F-4870-8F70-498A8FC23D4B}.Release|Any CPU.ActiveCfg = Release|Any CPU
		{DC4A432E-4F0F-4870-8F70-498A8FC23D4B}.Release|Any CPU.Build.0 = Release|Any CPU
	EndGlobalSection
	GlobalSection(SolutionProperties) = preSolution
		HideSolutionNode = FALSE
	EndGlobalSection
EndGlobal
